{
  "meteor": {},
  "dependencies": {
    "basePackages": {
      "moment": {},
      "bootstrap-customizable": {}
    },
    "packages": {
      "moment": {
        "git": "https://github.com/possibilities/meteor-moment.git",
        "tag": "v1.7.0",
        "commit": "c64b6ec0e714b9556f4b6643d430b868ba69d3d7"
      },
      "bootstrap-customizable": {
        "git": "https://github.com/tomconnors/meteor-bootstrap-less",
        "tag": "v0.0.3",
        "commit": "fed1707912a2ba4189417267274f69f567770e61"
      }
    }
  }
}
