{
  "meteor": {},
  "dependencies": {
    "basePackages": {
      "moment": {},
      "bootstrap-themes": {},
    },
    "packages": {
      "moment": {
        "git": "https://github.com/possibilities/meteor-moment.git",
        "tag": "v1.7.0",
        "commit": "c64b6ec0e714b9556f4b6643d430b868ba69d3d7"
      },
      "bootstrap-themes": {
        "git": "https://github.com/eprochasson/meteor-bootstrap-themes",
        "tag": "v0.0.3",
        "commit": "e587bb068b9284b5d3d4efc103669811a2f2623d"
      }
    }
  }
}
